
Microsoft Visual Studio Solution File, Format Version 12.00
# Visual Studio Version 16
VisualStudioVersion = 16.0.31702.278
MinimumVisualStudioVersion = 10.0.40219.1
Project("{FAE04EC0-301F-11D3-BF4B-00C04F79EFBC}") = "Projeto.MVC", "Projeto.MVC.csproj", "{22C909E8-0D34-4643-B4D0-B6D048FE95B8}"
EndProject
Global
	GlobalSection(SolutionConfigurationPlatforms) = preSolution
		Debug|Any CPU = Debug|Any CPU
		Release|Any CPU = Release|Any CPU
	EndGlobalSection
	GlobalSection(ProjectConfigurationPlatforms) = postSolution
		{22C909E8-0D34-4643-B4D0-B6D048FE95B8}.Debug|Any CPU.ActiveCfg = Debug|Any CPU
		{22C909E8-0D34-4643-B4D0-B6D048FE95B8}.Debug|Any CPU.Build.0 = Debug|Any CPU
		{22C909E8-0D34-4643-B4D0-B6D048FE95B8}.Release|Any CPU.ActiveCfg = Release|Any CPU
		{22C909E8-0D34-4643-B4D0-B6D048FE95B8}.Release|Any CPU.Build.0 = Release|Any CPU
	EndGlobalSection
	GlobalSection(SolutionProperties) = preSolution
		HideSolutionNode = FALSE
	EndGlobalSection
	GlobalSection(ExtensibilityGlobals) = postSolution
		SolutionGuid = {092B2FAD-8F50-47E7-BBF1-B11ACF2F4393}
	EndGlobalSection
EndGlobal
